PODS:
  - Alamofire (4.4.0)
  - IQKeyboardManager (4.0.10)
  - SnapKit (3.2.0)
  - SwiftyJSON (3.1.4)

DEPENDENCIES:
  - Alamofire (~> 4.4)
  - IQKeyboardManager
  - SnapKit (~> 3.2.0)
  - SwiftyJSON

SPEC CHECKSUMS:
  Alamofire: dc44b1600b800eb63da6a19039a0083d62a6a62d
  IQKeyboardManager: 593ee99b88381f4b9ccb22bd680f22606351bd41
  SnapKit: 1ca44df72cfa543218d177cb8aab029d10d86ea7
  SwiftyJSON: c2842d878f95482ffceec5709abc3d05680c0220

PODFILE CHECKSUM: 5b66f25f7e1c3057e4e51aec2b7bcf0b55e55d6c

COCOAPODS: 1.0.1
