// !$*UTF8*$!
{
	archiveVersion = 1;
	classes = {
	};
	objectVersion = 46;
	objects = {

/* Begin PBXBuildFile section */
		BD335E821F6DD9AB0062CF2E /* AllData.json in Resources */ = {isa = PBXBuildFile; fileRef = BD335E811F6DD9AB0062CF2E /* AllData.json */; };
		BD335E841F6DDA3D0062CF2E /* Helper.swift in Sources */ = {isa = PBXBuildFile; fileRef = BD335E831F6DDA3D0062CF2E /* Helper.swift */; };
		BD335E861F6DDDA50062CF2E /* GlucoseFile.swift in Sources */ = {isa = PBXBuildFile; fileRef = BD335E851F6DDDA50062CF2E /* GlucoseFile.swift */; };
		BDFF36E51F6DD32700786F79 /* AppDelegate.swift in Sources */ = {isa = PBXBuildFile; fileRef = BDFF36E41F6DD32700786F79 /* AppDelegate.swift */; };
		BDFF36E71F6DD32700786F79 /* FirstViewController.swift in Sources */ = {isa = PBXBuildFile; fileRef = BDFF36E61F6DD32700786F79 /* FirstViewController.swift */; };
		BDFF36E91F6DD32700786F79 /* SecondViewController.swift in Sources */ = {isa = PBXBuildFile; fileRef = BDFF36E81F6DD32700786F79 /* SecondViewController.swift */; };
		BDFF36EC1F6DD32800786F79 /* Main.storyboard in Resources */ = {isa = PBXBuildFile; fileRef = BDFF36EA1F6DD32800786F79 /* Main.storyboard */; };
		BDFF36EE1F6DD32800786F79 /* Assets.xcassets in Resources */ = {isa = PBXBuildFile; fileRef = BDFF36ED1F6DD32800786F79 /* Assets.xcassets */; };
		BDFF36F11F6DD32800786F79 /* LaunchScreen.storyboard in Resources */ = {isa = PBXBuildFile; fileRef = BDFF36EF1F6DD32800786F79 /* LaunchScreen.storyboard */; };
		BDFF36F91F6DD38D00786F79 /* LineChart.swift in Sources */ = {isa = PBXBuildFile; fileRef = BDFF36F81F6DD38D00786F79 /* LineChart.swift */; };
/* End PBXBuildFile section */

/* Begin PBXFileReference section */
		BD335E811F6DD9AB0062CF2E /* AllData.json */ = {isa = PBXFileReference; fileEncoding = 4; lastKnownFileType = text.json; name = AllData.json; path = ../AllData.json; sourceTree = "<group>"; };
		BD335E831F6DDA3D0062CF2E /* Helper.swift */ = {isa = PBXFileReference; fileEncoding = 4; lastKnownFileType = sourcecode.swift; path = Helper.swift; sourceTree = "<group>"; };
		BD335E851F6DDDA50062CF2E /* GlucoseFile.swift */ = {isa = PBXFileReference; fileEncoding = 4; lastKnownFileType = sourcecode.swift; path = GlucoseFile.swift; sourceTree = "<group>"; };
		BDFF36E11F6DD32700786F79 /* BgLive.app */ = {isa = PBXFileReference; explicitFileType = wrapper.application; includeInIndex = 0; path = BgLive.app; sourceTree = BUILT_PRODUCTS_DIR; };
		BDFF36E41F6DD32700786F79 /* AppDelegate.swift */ = {isa = PBXFileReference; lastKnownFileType = sourcecode.swift; path = AppDelegate.swift; sourceTree = "<group>"; };
		BDFF36E61F6DD32700786F79 /* FirstViewController.swift */ = {isa = PBXFileReference; lastKnownFileType = sourcecode.swift; path = FirstViewController.swift; sourceTree = "<group>"; };
		BDFF36E81F6DD32700786F79 /* SecondViewController.swift */ = {isa = PBXFileReference; lastKnownFileType = sourcecode.swift; path = SecondViewController.swift; sourceTree = "<group>"; };
		BDFF36EB1F6DD32800786F79 /* Base */ = {isa = PBXFileReference; lastKnownFileType = file.storyboard; name = Base; path = Base.lproj/Main.storyboard; sourceTree = "<group>"; };
		BDFF36ED1F6DD32800786F79 /* Assets.xcassets */ = {isa = PBXFileReference; lastKnownFileType = folder.assetcatalog; path = Assets.xcassets; sourceTree = "<group>"; };
		BDFF36F01F6DD32800786F79 /* Base */ = {isa = PBXFileReference; lastKnownFileType = file.storyboard; name = Base; path = Base.lproj/LaunchScreen.storyboard; sourceTree = "<group>"; };
		BDFF36F21F6DD32800786F79 /* Info.plist */ = {isa = PBXFileReference; lastKnownFileType = text.plist.xml; path = Info.plist; sourceTree = "<group>"; };
		BDFF36F81F6DD38D00786F79 /* LineChart.swift */ = {isa = PBXFileReference; fileEncoding = 4; lastKnownFileType = sourcecode.swift; path = LineChart.swift; sourceTree = "<group>"; };
/* End PBXFileReference section */

/* Begin PBXFrameworksBuildPhase section */
		BDFF36DE1F6DD32700786F79 /* Frameworks */ = {
			isa = PBXFrameworksBuildPhase;
			buildActionMask = 2147483647;
			files = (
			);
			runOnlyForDeploymentPostprocessing = 0;
		};
/* End PBXFrameworksBuildPhase section */

/* Begin PBXGroup section */
		BDFF36D81F6DD32700786F79 = {
			isa = PBXGroup;
			children = (
				BDFF36E31F6DD32700786F79 /* BgLive */,
				BDFF36E21F6DD32700786F79 /* Products */,
			);
			sourceTree = "<group>";
		};
		BDFF36E21F6DD32700786F79 /* Products */ = {
			isa = PBXGroup;
			children = (
				BDFF36E11F6DD32700786F79 /* BgLive.app */,
			);
			name = Products;
			sourceTree = "<group>";
		};
		BDFF36E31F6DD32700786F79 /* BgLive */ = {
			isa = PBXGroup;
			children = (
				BD335E811F6DD9AB0062CF2E /* AllData.json */,
				BDFF36E41F6DD32700786F79 /* AppDelegate.swift */,
				BDFF36E61F6DD32700786F79 /* FirstViewController.swift */,
				BD335E831F6DDA3D0062CF2E /* Helper.swift */,
				BD335E851F6DDDA50062CF2E /* GlucoseFile.swift */,
				BDFF36F81F6DD38D00786F79 /* LineChart.swift */,
				BDFF36E81F6DD32700786F79 /* SecondViewController.swift */,
				BDFF36EA1F6DD32800786F79 /* Main.storyboard */,
				BDFF36ED1F6DD32800786F79 /* Assets.xcassets */,
				BDFF36EF1F6DD32800786F79 /* LaunchScreen.storyboard */,
				BDFF36F21F6DD32800786F79 /* Info.plist */,
			);
			path = BgLive;
			sourceTree = "<group>";
		};
/* End PBXGroup section */

/* Begin PBXNativeTarget section */
		BDFF36E01F6DD32700786F79 /* BgLive */ = {
			isa = PBXNativeTarget;
			buildConfigurationList = BDFF36F51F6DD32800786F79 /* Build configuration list for PBXNativeTarget "BgLive" */;
			buildPhases = (
				BDFF36DD1F6DD32700786F79 /* Sources */,
				BDFF36DE1F6DD32700786F79 /* Frameworks */,
				BDFF36DF1F6DD32700786F79 /* Resources */,
			);
			buildRules = (
			);
			dependencies = (
			);
			name = BgLive;
			productName = BgLive;
			productReference = BDFF36E11F6DD32700786F79 /* BgLive.app */;
			productType = "com.apple.product-type.application";
		};
/* End PBXNativeTarget section */

/* Begin PBXProject section */
		BDFF36D91F6DD32700786F79 /* Project object */ = {
			isa = PBXProject;
			attributes = {
				LastSwiftUpdateCheck = 0830;
				LastUpgradeCheck = 0830;
				ORGANIZATIONNAME = Nabil;
				TargetAttributes = {
					BDFF36E01F6DD32700786F79 = {
						CreatedOnToolsVersion = 8.3.3;
						ProvisioningStyle = Automatic;
					};
				};
			};
			buildConfigurationList = BDFF36DC1F6DD32700786F79 /* Build configuration list for PBXProject "BgLive" */;
			compatibilityVersion = "Xcode 3.2";
			developmentRegion = English;
			hasScannedForEncodings = 0;
			knownRegions = (
				en,
				Base,
			);
			mainGroup = BDFF36D81F6DD32700786F79;
			productRefGroup = BDFF36E21F6DD32700786F79 /* Products */;
			projectDirPath = "";
			projectRoot = "";
			targets = (
				BDFF36E01F6DD32700786F79 /* BgLive */,
			);
		};
/* End PBXProject section */

/* Begin PBXResourcesBuildPhase section */
		BDFF36DF1F6DD32700786F79 /* Resources */ = {
			isa = PBXResourcesBuildPhase;
			buildActionMask = 2147483647;
			files = (
				BDFF36F11F6DD32800786F79 /* LaunchScreen.storyboard in Resources */,
				BDFF36EE1F6DD32800786F79 /* Assets.xcassets in Resources */,
				BDFF36EC1F6DD32800786F79 /* Main.storyboard in Resources */,
				BD335E821F6DD9AB0062CF2E /* AllData.json in Resources */,
			);
			runOnlyForDeploymentPostprocessing = 0;
		};
/* End PBXResourcesBuildPhase section */

/* Begin PBXSourcesBuildPhase section */
		BDFF36DD1F6DD32700786F79 /* Sources */ = {
			isa = PBXSourcesBuildPhase;
			buildActionMask = 2147483647;
			files = (
				BD335E861F6DDDA50062CF2E /* GlucoseFile.swift in Sources */,
				BDFF36F91F6DD38D00786F79 /* LineChart.swift in Sources */,
				BDFF36E91F6DD32700786F79 /* SecondViewController.swift in Sources */,
				BD335E841F6DDA3D0062CF2E /* Helper.swift in Sources */,
				BDFF36E51F6DD32700786F79 /* AppDelegate.swift in Sources */,
				BDFF36E71F6DD32700786F79 /* FirstViewController.swift in Sources */,
			);
			runOnlyForDeploymentPostprocessing = 0;
		};
/* End PBXSourcesBuildPhase section */

/* Begin PBXVariantGroup section */
		BDFF36EA1F6DD32800786F79 /* Main.storyboard */ = {
			isa = PBXVariantGroup;
			children = (
				BDFF36EB1F6DD32800786F79 /* Base */,
			);
			name = Main.storyboard;
			sourceTree = "<group>";
		};
		BDFF36EF1F6DD32800786F79 /* LaunchScreen.storyboard */ = {
			isa = PBXVariantGroup;
			children = (
				BDFF36F01F6DD32800786F79 /* Base */,
			);
			name = LaunchScreen.storyboard;
			sourceTree = "<group>";
		};
/* End PBXVariantGroup section */

/* Begin XCBuildConfiguration section */
		BDFF36F31F6DD32800786F79 /* Debug */ = {
			isa = XCBuildConfiguration;
			buildSettings = {
				ALWAYS_SEARCH_USER_PATHS = NO;
				CLANG_ANALYZER_NONNULL = YES;
				CLANG_ANALYZER_NUMBER_OBJECT_CONVERSION = YES_AGGRESSIVE;
				CLANG_CXX_LANGUAGE_STANDARD = "gnu++0x";
				CLANG_CXX_LIBRARY = "libc++";
				CLANG_ENABLE_MODULES = YES;
				CLANG_ENABLE_OBJC_ARC = YES;
				CLANG_WARN_BOOL_CONVERSION = YES;
				CLANG_WARN_CONSTANT_CONVERSION = YES;
				CLANG_WARN_DIRECT_OBJC_ISA_USAGE = YES_ERROR;
				CLANG_WARN_DOCUMENTATION_COMMENTS = YES;
				CLANG_WARN_EMPTY_BODY = YES;
				CLANG_WARN_ENUM_CONVERSION = YES;
				CLANG_WARN_INFINITE_RECURSION = YES;
				CLANG_WARN_INT_CONVERSION = YES;
				CLANG_WARN_OBJC_ROOT_CLASS = YES_ERROR;
				CLANG_WARN_SUSPICIOUS_MOVE = YES;
				CLANG_WARN_UNREACHABLE_CODE = YES;
				CLANG_WARN__DUPLICATE_METHOD_MATCH = YES;
				"CODE_SIGN_IDENTITY[sdk=iphoneos*]" = "iPhone Developer";
				COPY_PHASE_STRIP = NO;
				DEBUG_INFORMATION_FORMAT = dwarf;
				ENABLE_STRICT_OBJC_MSGSEND = YES;
				ENABLE_TESTABILITY = YES;
				GCC_C_LANGUAGE_STANDARD = gnu99;
				GCC_DYNAMIC_NO_PIC = NO;
				GCC_NO_COMMON_BLOCKS = YES;
				GCC_OPTIMIZATION_LEVEL = 0;
				GCC_PREPROCESSOR_DEFINITIONS = (
					"DEBUG=1",
					"$(inherited)",
				);
				GCC_WARN_64_TO_32_BIT_CONVERSION = YES;
				GCC_WARN_ABOUT_RETURN_TYPE = YES_ERROR;
				GCC_WARN_UNDECLARED_SELECTOR = YES;
				GCC_WARN_UNINITIALIZED_AUTOS = YES_AGGRESSIVE;
				GCC_WARN_UNUSED_FUNCTION = YES;
				GCC_WARN_UNUSED_VARIABLE = YES;
				IPHONEOS_DEPLOYMENT_TARGET = 10.3;
				MTL_ENABLE_DEBUG_INFO = YES;
				ONLY_ACTIVE_ARCH = YES;
				SDKROOT = iphoneos;
				SWIFT_ACTIVE_COMPILATION_CONDITIONS = DEBUG;
				SWIFT_OPTIMIZATION_LEVEL = "-Onone";
			};
			name = Debug;
		};
		BDFF36F41F6DD32800786F79 /* Release */ = {
			isa = XCBuildConfiguration;
			buildSettings = {
				ALWAYS_SEARCH_USER_PATHS = NO;
				CLANG_ANALYZER_NONNULL = YES;
				CLANG_ANALYZER_NUMBER_OBJECT_CONVERSION = YES_AGGRESSIVE;
				CLANG_CXX_LANGUAGE_STANDARD = "gnu++0x";
				CLANG_CXX_LIBRARY = "libc++";
				CLANG_ENABLE_MODULES = YES;
				CLANG_ENABLE_OBJC_ARC = YES;
				CLANG_WARN_BOOL_CONVERSION = YES;
				CLANG_WARN_CONSTANT_CONVERSION = YES;
				CLANG_WARN_DIRECT_OBJC_ISA_USAGE = YES_ERROR;
				CLANG_WARN_DOCUMENTATION_COMMENTS = YES;
				CLANG_WARN_EMPTY_BODY = YES;
				CLANG_WARN_ENUM_CONVERSION = YES;
				CLANG_WARN_INFINITE_RECURSION = YES;
				CLANG_WARN_INT_CONVERSION = YES;
				CLANG_WARN_OBJC_ROOT_CLASS = YES_ERROR;
				CLANG_WARN_SUSPICIOUS_MOVE = YES;
				CLANG_WARN_UNREACHABLE_CODE = YES;
				CLANG_WARN__DUPLICATE_METHOD_MATCH = YES;
				"CODE_SIGN_IDENTITY[sdk=iphoneos*]" = "iPhone Developer";
				COPY_PHASE_STRIP = NO;
				DEBUG_INFORMATION_FORMAT = "dwarf-with-dsym";
				ENABLE_NS_ASSERTIONS = NO;
				ENABLE_STRICT_OBJC_MSGSEND = YES;
				GCC_C_LANGUAGE_STANDARD = gnu99;
				GCC_NO_COMMON_BLOCKS = YES;
				GCC_WARN_64_TO_32_BIT_CONVERSION = YES;
				GCC_WARN_ABOUT_RETURN_TYPE = YES_ERROR;
				GCC_WARN_UNDECLARED_SELECTOR = YES;
				GCC_WARN_UNINITIALIZED_AUTOS = YES_AGGRESSIVE;
				GCC_WARN_UNUSED_FUNCTION = YES;
				GCC_WARN_UNUSED_VARIABLE = YES;
				IPHONEOS_DEPLOYMENT_TARGET = 10.3;
				MTL_ENABLE_DEBUG_INFO = NO;
				SDKROOT = iphoneos;
				SWIFT_OPTIMIZATION_LEVEL = "-Owholemodule";
				VALIDATE_PRODUCT = YES;
			};
			name = Release;
		};
		BDFF36F61F6DD32800786F79 /* Debug */ = {
			isa = XCBuildConfiguration;
			buildSettings = {
				ASSETCATALOG_COMPILER_APPICON_NAME = AppIcon;
				INFOPLIST_FILE = BgLive/Info.plist;
				LD_RUNPATH_SEARCH_PATHS = "$(inherited) @executable_path/Frameworks";
				PRODUCT_BUNDLE_IDENTIFIER = com.makeschool.BgLive;
				PRODUCT_NAME = "$(TARGET_NAME)";
				SWIFT_VERSION = 3.0;
			};
			name = Debug;
		};
		BDFF36F71F6DD32800786F79 /* Release */ = {
			isa = XCBuildConfiguration;
			buildSettings = {
				ASSETCATALOG_COMPILER_APPICON_NAME = AppIcon;
				INFOPLIST_FILE = BgLive/Info.plist;
				LD_RUNPATH_SEARCH_PATHS = "$(inherited) @executable_path/Frameworks";
				PRODUCT_BUNDLE_IDENTIFIER = com.makeschool.BgLive;
				PRODUCT_NAME = "$(TARGET_NAME)";
				SWIFT_VERSION = 3.0;
			};
			name = Release;
		};
/* End XCBuildConfiguration section */

/* Begin XCConfigurationList section */
		BDFF36DC1F6DD32700786F79 /* Build configuration list for PBXProject "BgLive" */ = {
			isa = XCConfigurationList;
			buildConfigurations = (
				BDFF36F31F6DD32800786F79 /* Debug */,
				BDFF36F41F6DD32800786F79 /* Release */,
			);
			defaultConfigurationIsVisible = 0;
			defaultConfigurationName = Release;
		};
		BDFF36F51F6DD32800786F79 /* Build configuration list for PBXNativeTarget "BgLive" */ = {
			isa = XCConfigurationList;
			buildConfigurations = (
				BDFF36F61F6DD32800786F79 /* Debug */,
				BDFF36F71F6DD32800786F79 /* Release */,
			);
			defaultConfigurationIsVisible = 0;
			defaultConfigurationName = Release;
		};
/* End XCConfigurationList section */
	};
	rootObject = BDFF36D91F6DD32700786F79 /* Project object */;
}
